
Microsoft Visual Studio Solution File, Format Version 12.00
# Visual Studio Version 17
VisualStudioVersion = 17.8.34511.84
MinimumVisualStudioVersion = 10.0.40219.1
Project("{FAE04EC0-301F-11D3-BF4B-00C04F79EFBC}") = "AgenziaEntrate", "AgenziaEntrate\AgenziaEntrate.csproj", "{0429721F-9501-462D-AFB1-3032A561C795}"
EndProject
Global
	GlobalSection(SolutionConfigurationPlatforms) = preSolution
		Debug|Any CPU = Debug|Any CPU
		Release|Any CPU = Release|Any CPU
	EndGlobalSection
	GlobalSection(ProjectConfigurationPlatforms) = postSolution
		{0429721F-9501-462D-AFB1-3032A561C795}.Debug|Any CPU.ActiveCfg = Debug|Any CPU
		{0429721F-9501-462D-AFB1-3032A561C795}.Debug|Any CPU.Build.0 = Debug|Any CPU
		{0429721F-9501-462D-AFB1-3032A561C795}.Release|Any CPU.ActiveCfg = Release|Any CPU
		{0429721F-9501-462D-AFB1-3032A561C795}.Release|Any CPU.Build.0 = Release|Any CPU
	EndGlobalSection
	GlobalSection(SolutionProperties) = preSolution
		HideSolutionNode = FALSE
	EndGlobalSection
	GlobalSection(ExtensibilityGlobals) = postSolution
		SolutionGuid = {89ED6510-5B1E-42F6-86B9-C6651169F43D}
	EndGlobalSection
EndGlobal
